
Microsoft Visual Studio Solution File, Format Version 12.00
# Visual Studio Version 17
VisualStudioVersion = 17.7.34031.279
MinimumVisualStudioVersion = 10.0.40219.1
Project("{9A19103F-16F7-4668-BE54-9A1E7A4F7556}") = "WebFincance.API", "WebFincance.API\WebFincance.API.csproj", "{6B0C81CF-CBC7-47E4-A2E7-58126B96353C}"
EndProject
Global
	GlobalSection(SolutionConfigurationPlatforms) = preSolution
		Debug|Any CPU = Debug|Any CPU
		Release|Any CPU = Release|Any CPU
	EndGlobalSection
	GlobalSection(ProjectConfigurationPlatforms) = postSolution
		{6B0C81CF-CBC7-47E4-A2E7-58126B96353C}.Debug|Any CPU.ActiveCfg = Debug|Any CPU
		{6B0C81CF-CBC7-47E4-A2E7-58126B96353C}.Debug|Any CPU.Build.0 = Debug|Any CPU
		{6B0C81CF-CBC7-47E4-A2E7-58126B96353C}.Release|Any CPU.ActiveCfg = Release|Any CPU
		{6B0C81CF-CBC7-47E4-A2E7-58126B96353C}.Release|Any CPU.Build.0 = Release|Any CPU
	EndGlobalSection
	GlobalSection(SolutionProperties) = preSolution
		HideSolutionNode = FALSE
	EndGlobalSection
	GlobalSection(ExtensibilityGlobals) = postSolution
		SolutionGuid = {96649D41-DBE5-423B-8B11-3A2359E5FC04}
	EndGlobalSection
EndGlobal
